
Microsoft Visual Studio Solution File, Format Version 12.00
# Visual Studio Version 17
VisualStudioVersion = 17.13.35919.96
MinimumVisualStudioVersion = 10.0.40219.1
Project("{FAE04EC0-301F-11D3-BF4B-00C04F79EFBC}") = "EdgeDetection", "EdgeDetection\EdgeDetection.csproj", "{326B6750-A9F2-4511-A232-B5D11CEF402C}"
EndProject
Project("{FAE04EC0-301F-11D3-BF4B-00C04F79EFBC}") = "EdgeDetection.Tests", "EdgeDetection.Tests\EdgeDetection.Tests.csproj", "{C6B2E854-CA01-4107-983D-0834F17E1FAB}"
EndProject
Global
	GlobalSection(SolutionConfigurationPlatforms) = preSolution
		Debug|Any CPU = Debug|Any CPU
		Release|Any CPU = Release|Any CPU
	EndGlobalSection
	GlobalSection(ProjectConfigurationPlatforms) = postSolution
		{326B6750-A9F2-4511-A232-B5D11CEF402C}.Debug|Any CPU.ActiveCfg = Debug|Any CPU
		{326B6750-A9F2-4511-A232-B5D11CEF402C}.Debug|Any CPU.Build.0 = Debug|Any CPU
		{326B6750-A9F2-4511-A232-B5D11CEF402C}.Release|Any CPU.ActiveCfg = Release|Any CPU
		{326B6750-A9F2-4511-A232-B5D11CEF402C}.Release|Any CPU.Build.0 = Release|Any CPU
		{C6B2E854-CA01-4107-983D-0834F17E1FAB}.Debug|Any CPU.ActiveCfg = Debug|Any CPU
		{C6B2E854-CA01-4107-983D-0834F17E1FAB}.Debug|Any CPU.Build.0 = Debug|Any CPU
		{C6B2E854-CA01-4107-983D-0834F17E1FAB}.Release|Any CPU.ActiveCfg = Release|Any CPU
		{C6B2E854-CA01-4107-983D-0834F17E1FAB}.Release|Any CPU.Build.0 = Release|Any CPU
	EndGlobalSection
	GlobalSection(SolutionProperties) = preSolution
		HideSolutionNode = FALSE
	EndGlobalSection
	GlobalSection(ExtensibilityGlobals) = postSolution
		SolutionGuid = {938FC088-1659-47E3-B5B5-6A518EE90554}
	EndGlobalSection
EndGlobal
